// !$*UTF8*$!
{
	archiveVersion = 1;
	classes = {
	};
	objectVersion = 77;
	objects = {

/* Begin PBXBuildFile section */
		19AE946BF13C1635A109ED4B /* ConversionJobViewModel.swift in Sources */ = {isa = PBXBuildFile; fileRef = 4708896B95AF6F748369953A /* ConversionJobViewModel.swift */; };
		1C0C99007690CE15262FC1ED /* GhostscriptService.swift in Sources */ = {isa = PBXBuildFile; fileRef = D832A0B7B6D704B454A46095 /* GhostscriptService.swift */; };
		1E25A81521E87CF9B8DBFE54 /* PresetStore.swift in Sources */ = {isa = PBXBuildFile; fileRef = 8AED9637ACC36D6F334A50F3 /* PresetStore.swift */; };
		2014E3E54627FF7298293E5D /* ConversionJob.swift in Sources */ = {isa = PBXBuildFile; fileRef = 0F68EA66C796D7DED80BE392 /* ConversionJob.swift */; };
		2C0EECCC6E09A0C7CFEC97A5 /* FinderSync.swift in Sources */ = {isa = PBXBuildFile; fileRef = CA66944CF5840CB1EC736F59 /* FinderSync.swift */; };
		2F8EB0FF64982160708BBE11 /* AppSettings.swift in Sources */ = {isa = PBXBuildFile; fileRef = 11DED973BCEF91F519BAE961 /* AppSettings.swift */; };
		36051BF2BA1F8861DC4D659E /* FinderRequestWatcher.swift in Sources */ = {isa = PBXBuildFile; fileRef = 92DBFD966AE873D045F93AA9 /* FinderRequestWatcher.swift */; };
		450ACE5143040E32F4ABEA54 /* ConversionSettings.swift in Sources */ = {isa = PBXBuildFile; fileRef = 98EB57B307776F0CA0159EB5 /* ConversionSettings.swift */; };
		56122F691A83339956D92159 /* LibreOfficeService.swift in Sources */ = {isa = PBXBuildFile; fileRef = 1C861FAA7785B8162277FBD2 /* LibreOfficeService.swift */; };
		5A021A39CE3D27F5D025A45C /* SettingsView.swift in Sources */ = {isa = PBXBuildFile; fileRef = 86D54CF16166EA669ECF0A09 /* SettingsView.swift */; };
		6D2F0D962C38B02D31204319 /* ProcessRunner.swift in Sources */ = {isa = PBXBuildFile; fileRef = 944F99E69E999D7D793E87DF /* ProcessRunner.swift */; };
		726ADACE4EBB7CC4EA23439A /* FFmpegService.swift in Sources */ = {isa = PBXBuildFile; fileRef = 1211E81E593B843D034C517B /* FFmpegService.swift */; };
		75CD6020B7A6E498E3A15BD7 /* Settings.default.json in Resources */ = {isa = PBXBuildFile; fileRef = 01C6DD295CA044C70BF275FD /* Settings.default.json */; };
		7BA557F45620B153EE56E4B1 /* OutputType.swift in Sources */ = {isa = PBXBuildFile; fileRef = F4BC7AB39F8519A672BA7F15 /* OutputType.swift */; };
		8645F78BAD614E7F05EA97BB /* Assets.xcassets in Resources */ = {isa = PBXBuildFile; fileRef = DE5DF9F37B5A6CFB1268E851 /* Assets.xcassets */; };
		8830563DB174BAD3D3F9EB13 /* FileConverterApp.swift in Sources */ = {isa = PBXBuildFile; fileRef = 17C52797DF934D87FE83F215 /* FileConverterApp.swift */; };
		8D97139C8CC07ABBAB8B2E64 /* PresetListView.swift in Sources */ = {isa = PBXBuildFile; fileRef = 7CD8F8696FC18FC74987B245 /* PresetListView.swift */; };
		91C4ABB9E6E837B7889D629A /* OnboardingView.swift in Sources */ = {isa = PBXBuildFile; fileRef = FCB8AE739D34574F4A2FA15F /* OnboardingView.swift */; };
		A610122FE7D356D616B2C5BF /* FileConverterFinderSync.appex in Embed Foundation Extensions */ = {isa = PBXBuildFile; fileRef = 0063D1553ECC61099468809B /* FileConverterFinderSync.appex */; settings = {ATTRIBUTES = (RemoveHeadersOnCopy, ); }; };
		A7255224892EA9FE2BACD7D8 /* ConversionPreset.swift in Sources */ = {isa = PBXBuildFile; fileRef = 2FEADB60456466618C932AEB /* ConversionPreset.swift */; };
		AE8D67EED14EBFBB5A4CD509 /* ImageMagickService.swift in Sources */ = {isa = PBXBuildFile; fileRef = 1A703046DB187BF2EC4367E5 /* ImageMagickService.swift */; };
		B02766AB9C17D99D926860F2 /* BundlePaths.swift in Sources */ = {isa = PBXBuildFile; fileRef = A705863F1871094C257941A3 /* BundlePaths.swift */; };
		D387885D951839E98D49078C /* NotificationService.swift in Sources */ = {isa = PBXBuildFile; fileRef = 158BD82D09424F844861DC02 /* NotificationService.swift */; };
		D74E098D84B9DC9270F44016 /* ConversionJobRow.swift in Sources */ = {isa = PBXBuildFile; fileRef = B86E4926C8B0DA9E84F1BBD2 /* ConversionJobRow.swift */; };
		D84EA8998C33B023D648D249 /* MainView.swift in Sources */ = {isa = PBXBuildFile; fileRef = 87CB9CD04277D921F3F69BF4 /* MainView.swift */; };
		E7083DD38AF3362A036622AA /* MainViewModel.swift in Sources */ = {isa = PBXBuildFile; fileRef = 2B861A73525401666F35E225 /* MainViewModel.swift */; };
		E7A48595A54F3E5B11CC71E9 /* HelpView.swift in Sources */ = {isa = PBXBuildFile; fileRef = FB9C06BDC169DE786138449A /* HelpView.swift */; };
		EA9D2FC30797BAE4EEE00435 /* PresetEditorView.swift in Sources */ = {isa = PBXBuildFile; fileRef = 4FBBBF956532E8225745B9B2 /* PresetEditorView.swift */; };
		EB9DBC76F05AA8A541358FA9 /* ConversionState.swift in Sources */ = {isa = PBXBuildFile; fileRef = 2A64FA65D21C4CA7A40AD3E2 /* ConversionState.swift */; };
		F94DAAC3ECBF87856BD8180F /* SettingsViewModel.swift in Sources */ = {isa = PBXBuildFile; fileRef = F752A68C9513B9CD9AB0F048 /* SettingsViewModel.swift */; };
		FC3464E82783C64828BEA2A9 /* ConversionOrchestrator.swift in Sources */ = {isa = PBXBuildFile; fileRef = 3179F5914440B1051348C078 /* ConversionOrchestrator.swift */; };
/* End PBXBuildFile section */

/* Begin PBXContainerItemProxy section */
		AF53E9E384CE6CC22FC3A0A5 /* PBXContainerItemProxy */ = {
			isa = PBXContainerItemProxy;
			containerPortal = 0F8379AC13777C01F0B82E78 /* Project object */;
			proxyType = 1;
			remoteGlobalIDString = 2679A122075577F63E6B6A65;
			remoteInfo = FileConverterFinderSync;
		};
/* End PBXContainerItemProxy section */

/* Begin PBXCopyFilesBuildPhase section */
		8C4B090F73DFEE440BFE7314 /* Embed Foundation Extensions */ = {
			isa = PBXCopyFilesBuildPhase;
			buildActionMask = 2147483647;
			dstPath = "";
			dstSubfolderSpec = 13;
			files = (
				A610122FE7D356D616B2C5BF /* FileConverterFinderSync.appex in Embed Foundation Extensions */,
			);
			name = "Embed Foundation Extensions";
			runOnlyForDeploymentPostprocessing = 0;
		};
/* End PBXCopyFilesBuildPhase section */

/* Begin PBXFileReference section */
		0063D1553ECC61099468809B /* FileConverterFinderSync.appex */ = {isa = PBXFileReference; explicitFileType = "wrapper.app-extension"; includeInIndex = 0; path = FileConverterFinderSync.appex; sourceTree = BUILT_PRODUCTS_DIR; };
		01C6DD295CA044C70BF275FD /* Settings.default.json */ = {isa = PBXFileReference; lastKnownFileType = text.json; path = Settings.default.json; sourceTree = "<group>"; };
		0F68EA66C796D7DED80BE392 /* ConversionJob.swift */ = {isa = PBXFileReference; lastKnownFileType = sourcecode.swift; path = ConversionJob.swift; sourceTree = "<group>"; };
		11DED973BCEF91F519BAE961 /* AppSettings.swift */ = {isa = PBXFileReference; lastKnownFileType = sourcecode.swift; path = AppSettings.swift; sourceTree = "<group>"; };
		1211E81E593B843D034C517B /* FFmpegService.swift */ = {isa = PBXFileReference; lastKnownFileType = sourcecode.swift; path = FFmpegService.swift; sourceTree = "<group>"; };
		158BD82D09424F844861DC02 /* NotificationService.swift */ = {isa = PBXFileReference; lastKnownFileType = sourcecode.swift; path = NotificationService.swift; sourceTree = "<group>"; };
		17C52797DF934D87FE83F215 /* FileConverterApp.swift */ = {isa = PBXFileReference; lastKnownFileType = sourcecode.swift; path = FileConverterApp.swift; sourceTree = "<group>"; };
		1A703046DB187BF2EC4367E5 /* ImageMagickService.swift */ = {isa = PBXFileReference; lastKnownFileType = sourcecode.swift; path = ImageMagickService.swift; sourceTree = "<group>"; };
		1C861FAA7785B8162277FBD2 /* LibreOfficeService.swift */ = {isa = PBXFileReference; lastKnownFileType = sourcecode.swift; path = LibreOfficeService.swift; sourceTree = "<group>"; };
		2A64FA65D21C4CA7A40AD3E2 /* ConversionState.swift */ = {isa = PBXFileReference; lastKnownFileType = sourcecode.swift; path = ConversionState.swift; sourceTree = "<group>"; };
		2B861A73525401666F35E225 /* MainViewModel.swift */ = {isa = PBXFileReference; lastKnownFileType = sourcecode.swift; path = MainViewModel.swift; sourceTree = "<group>"; };
		2FEADB60456466618C932AEB /* ConversionPreset.swift */ = {isa = PBXFileReference; lastKnownFileType = sourcecode.swift; path = ConversionPreset.swift; sourceTree = "<group>"; };
		3179F5914440B1051348C078 /* ConversionOrchestrator.swift */ = {isa = PBXFileReference; lastKnownFileType = sourcecode.swift; path = ConversionOrchestrator.swift; sourceTree = "<group>"; };
		4708896B95AF6F748369953A /* ConversionJobViewModel.swift */ = {isa = PBXFileReference; lastKnownFileType = sourcecode.swift; path = ConversionJobViewModel.swift; sourceTree = "<group>"; };
		4FBBBF956532E8225745B9B2 /* PresetEditorView.swift */ = {isa = PBXFileReference; lastKnownFileType = sourcecode.swift; path = PresetEditorView.swift; sourceTree = "<group>"; };
		7741DA42224474EACC7F59AF /* FileConverter.app */ = {isa = PBXFileReference; explicitFileType = wrapper.application; includeInIndex = 0; path = FileConverter.app; sourceTree = BUILT_PRODUCTS_DIR; };
		7CD8F8696FC18FC74987B245 /* PresetListView.swift */ = {isa = PBXFileReference; lastKnownFileType = sourcecode.swift; path = PresetListView.swift; sourceTree = "<group>"; };
		86D54CF16166EA669ECF0A09 /* SettingsView.swift */ = {isa = PBXFileReference; lastKnownFileType = sourcecode.swift; path = SettingsView.swift; sourceTree = "<group>"; };
		87CB9CD04277D921F3F69BF4 /* MainView.swift */ = {isa = PBXFileReference; lastKnownFileType = sourcecode.swift; path = MainView.swift; sourceTree = "<group>"; };
		8AED9637ACC36D6F334A50F3 /* PresetStore.swift */ = {isa = PBXFileReference; lastKnownFileType = sourcecode.swift; path = PresetStore.swift; sourceTree = "<group>"; };
		92DBFD966AE873D045F93AA9 /* FinderRequestWatcher.swift */ = {isa = PBXFileReference; lastKnownFileType = sourcecode.swift; path = FinderRequestWatcher.swift; sourceTree = "<group>"; };
		944F99E69E999D7D793E87DF /* ProcessRunner.swift */ = {isa = PBXFileReference; lastKnownFileType = sourcecode.swift; path = ProcessRunner.swift; sourceTree = "<group>"; };
		98EB57B307776F0CA0159EB5 /* ConversionSettings.swift */ = {isa = PBXFileReference; lastKnownFileType = sourcecode.swift; path = ConversionSettings.swift; sourceTree = "<group>"; };
		A705863F1871094C257941A3 /* BundlePaths.swift */ = {isa = PBXFileReference; lastKnownFileType = sourcecode.swift; path = BundlePaths.swift; sourceTree = "<group>"; };
		B86E4926C8B0DA9E84F1BBD2 /* ConversionJobRow.swift */ = {isa = PBXFileReference; lastKnownFileType = sourcecode.swift; path = ConversionJobRow.swift; sourceTree = "<group>"; };
		CA66944CF5840CB1EC736F59 /* FinderSync.swift */ = {isa = PBXFileReference; lastKnownFileType = sourcecode.swift; path = FinderSync.swift; sourceTree = "<group>"; };
		D832A0B7B6D704B454A46095 /* GhostscriptService.swift */ = {isa = PBXFileReference; lastKnownFileType = sourcecode.swift; path = GhostscriptService.swift; sourceTree = "<group>"; };
		DE5DF9F37B5A6CFB1268E851 /* Assets.xcassets */ = {isa = PBXFileReference; lastKnownFileType = folder.assetcatalog; path = Assets.xcassets; sourceTree = "<group>"; };
		F4BC7AB39F8519A672BA7F15 /* OutputType.swift */ = {isa = PBXFileReference; lastKnownFileType = sourcecode.swift; path = OutputType.swift; sourceTree = "<group>"; };
		F752A68C9513B9CD9AB0F048 /* SettingsViewModel.swift */ = {isa = PBXFileReference; lastKnownFileType = sourcecode.swift; path = SettingsViewModel.swift; sourceTree = "<group>"; };
		FB9C06BDC169DE786138449A /* HelpView.swift */ = {isa = PBXFileReference; lastKnownFileType = sourcecode.swift; path = HelpView.swift; sourceTree = "<group>"; };
		FCB8AE739D34574F4A2FA15F /* OnboardingView.swift */ = {isa = PBXFileReference; lastKnownFileType = sourcecode.swift; path = OnboardingView.swift; sourceTree = "<group>"; };
/* End PBXFileReference section */

/* Begin PBXGroup section */
		0A1625F686824ABDA1117A8B /* Products */ = {
			isa = PBXGroup;
			children = (
				7741DA42224474EACC7F59AF /* FileConverter.app */,
				0063D1553ECC61099468809B /* FileConverterFinderSync.appex */,
			);
			name = Products;
			sourceTree = "<group>";
		};
		2246413155A7AA46273542AD /* FileConverter */ = {
			isa = PBXGroup;
			children = (
				17C52797DF934D87FE83F215 /* FileConverterApp.swift */,
				6090CE5FA9C1F61869F6EC68 /* Models */,
				DD2015FF62EF54FAD023121B /* Resources */,
				3FF2A6DA270582186CF32F1F /* Services */,
				A206B7BC6AC79DDE8FB78525 /* Utilities */,
				EAB2A45A3D914AC5C029366D /* ViewModels */,
				8C85799E9C6168DCBEF5F937 /* Views */,
			);
			path = FileConverter;
			sourceTree = "<group>";
		};
		3FF2A6DA270582186CF32F1F /* Services */ = {
			isa = PBXGroup;
			children = (
				3179F5914440B1051348C078 /* ConversionOrchestrator.swift */,
				1211E81E593B843D034C517B /* FFmpegService.swift */,
				92DBFD966AE873D045F93AA9 /* FinderRequestWatcher.swift */,
				D832A0B7B6D704B454A46095 /* GhostscriptService.swift */,
				1A703046DB187BF2EC4367E5 /* ImageMagickService.swift */,
				1C861FAA7785B8162277FBD2 /* LibreOfficeService.swift */,
				158BD82D09424F844861DC02 /* NotificationService.swift */,
				8AED9637ACC36D6F334A50F3 /* PresetStore.swift */,
			);
			path = Services;
			sourceTree = "<group>";
		};
		6090CE5FA9C1F61869F6EC68 /* Models */ = {
			isa = PBXGroup;
			children = (
				11DED973BCEF91F519BAE961 /* AppSettings.swift */,
				0F68EA66C796D7DED80BE392 /* ConversionJob.swift */,
				2FEADB60456466618C932AEB /* ConversionPreset.swift */,
				98EB57B307776F0CA0159EB5 /* ConversionSettings.swift */,
				2A64FA65D21C4CA7A40AD3E2 /* ConversionState.swift */,
				F4BC7AB39F8519A672BA7F15 /* OutputType.swift */,
			);
			path = Models;
			sourceTree = "<group>";
		};
		8C85799E9C6168DCBEF5F937 /* Views */ = {
			isa = PBXGroup;
			children = (
				B86E4926C8B0DA9E84F1BBD2 /* ConversionJobRow.swift */,
				FB9C06BDC169DE786138449A /* HelpView.swift */,
				87CB9CD04277D921F3F69BF4 /* MainView.swift */,
				FCB8AE739D34574F4A2FA15F /* OnboardingView.swift */,
				4FBBBF956532E8225745B9B2 /* PresetEditorView.swift */,
				7CD8F8696FC18FC74987B245 /* PresetListView.swift */,
				86D54CF16166EA669ECF0A09 /* SettingsView.swift */,
			);
			path = Views;
			sourceTree = "<group>";
		};
		A206B7BC6AC79DDE8FB78525 /* Utilities */ = {
			isa = PBXGroup;
			children = (
				A705863F1871094C257941A3 /* BundlePaths.swift */,
				944F99E69E999D7D793E87DF /* ProcessRunner.swift */,
			);
			path = Utilities;
			sourceTree = "<group>";
		};
		BDBAFDE68567522580AF5B8D /* FinderSyncExtension */ = {
			isa = PBXGroup;
			children = (
				CA66944CF5840CB1EC736F59 /* FinderSync.swift */,
			);
			path = FinderSyncExtension;
			sourceTree = "<group>";
		};
		DD2015FF62EF54FAD023121B /* Resources */ = {
			isa = PBXGroup;
			children = (
				DE5DF9F37B5A6CFB1268E851 /* Assets.xcassets */,
				01C6DD295CA044C70BF275FD /* Settings.default.json */,
			);
			path = Resources;
			sourceTree = "<group>";
		};
		E0FB174E1A243744014FA75F = {
			isa = PBXGroup;
			children = (
				2246413155A7AA46273542AD /* FileConverter */,
				BDBAFDE68567522580AF5B8D /* FinderSyncExtension */,
				0A1625F686824ABDA1117A8B /* Products */,
			);
			sourceTree = "<group>";
		};
		EAB2A45A3D914AC5C029366D /* ViewModels */ = {
			isa = PBXGroup;
			children = (
				4708896B95AF6F748369953A /* ConversionJobViewModel.swift */,
				2B861A73525401666F35E225 /* MainViewModel.swift */,
				F752A68C9513B9CD9AB0F048 /* SettingsViewModel.swift */,
			);
			path = ViewModels;
			sourceTree = "<group>";
		};
/* End PBXGroup section */

/* Begin PBXNativeTarget section */
		0F4929DC8164B2EF1179FC9E /* FileConverter */ = {
			isa = PBXNativeTarget;
			buildConfigurationList = 33508490641926EC241201E9 /* Build configuration list for PBXNativeTarget "FileConverter" */;
			buildPhases = (
				7CCE8431C0F1F495808E6BE6 /* Sources */,
				61E2300949F407B6CA8F95CB /* Resources */,
				8C4B090F73DFEE440BFE7314 /* Embed Foundation Extensions */,
			);
			buildRules = (
			);
			dependencies = (
				B165EF1E8ED96DE939D669D5 /* PBXTargetDependency */,
			);
			name = FileConverter;
			packageProductDependencies = (
			);
			productName = FileConverter;
			productReference = 7741DA42224474EACC7F59AF /* FileConverter.app */;
			productType = "com.apple.product-type.application";
		};
		2679A122075577F63E6B6A65 /* FileConverterFinderSync */ = {
			isa = PBXNativeTarget;
			buildConfigurationList = 8F47F3E32C27EE60E573ED20 /* Build configuration list for PBXNativeTarget "FileConverterFinderSync" */;
			buildPhases = (
				BBC99E584A5D93201F5F18BA /* Sources */,
			);
			buildRules = (
			);
			dependencies = (
			);
			name = FileConverterFinderSync;
			packageProductDependencies = (
			);
			productName = FileConverterFinderSync;
			productReference = 0063D1553ECC61099468809B /* FileConverterFinderSync.appex */;
			productType = "com.apple.product-type.app-extension";
		};
/* End PBXNativeTarget section */

/* Begin PBXProject section */
		0F8379AC13777C01F0B82E78 /* Project object */ = {
			isa = PBXProject;
			attributes = {
				BuildIndependentTargetsInParallel = YES;
				LastUpgradeCheck = 1600;
				TargetAttributes = {
					0F4929DC8164B2EF1179FC9E = {
						ProvisioningStyle = Manual;
					};
					2679A122075577F63E6B6A65 = {
						ProvisioningStyle = Manual;
					};
				};
			};
			buildConfigurationList = D62CD30514A353786B9F1C74 /* Build configuration list for PBXProject "FileConverter" */;
			developmentRegion = en;
			hasScannedForEncodings = 0;
			knownRegions = (
				Base,
				en,
			);
			mainGroup = E0FB174E1A243744014FA75F;
			minimizedProjectReferenceProxies = 1;
			preferredProjectObjectVersion = 77;
			productRefGroup = 0A1625F686824ABDA1117A8B /* Products */;
			projectDirPath = "";
			projectRoot = "";
			targets = (
				0F4929DC8164B2EF1179FC9E /* FileConverter */,
				2679A122075577F63E6B6A65 /* FileConverterFinderSync */,
			);
		};
/* End PBXProject section */

/* Begin PBXResourcesBuildPhase section */
		61E2300949F407B6CA8F95CB /* Resources */ = {
			isa = PBXResourcesBuildPhase;
			buildActionMask = 2147483647;
			files = (
				8645F78BAD614E7F05EA97BB /* Assets.xcassets in Resources */,
				75CD6020B7A6E498E3A15BD7 /* Settings.default.json in Resources */,
			);
			runOnlyForDeploymentPostprocessing = 0;
		};
/* End PBXResourcesBuildPhase section */

/* Begin PBXSourcesBuildPhase section */
		7CCE8431C0F1F495808E6BE6 /* Sources */ = {
			isa = PBXSourcesBuildPhase;
			buildActionMask = 2147483647;
			files = (
				2F8EB0FF64982160708BBE11 /* AppSettings.swift in Sources */,
				B02766AB9C17D99D926860F2 /* BundlePaths.swift in Sources */,
				2014E3E54627FF7298293E5D /* ConversionJob.swift in Sources */,
				D74E098D84B9DC9270F44016 /* ConversionJobRow.swift in Sources */,
				19AE946BF13C1635A109ED4B /* ConversionJobViewModel.swift in Sources */,
				FC3464E82783C64828BEA2A9 /* ConversionOrchestrator.swift in Sources */,
				A7255224892EA9FE2BACD7D8 /* ConversionPreset.swift in Sources */,
				450ACE5143040E32F4ABEA54 /* ConversionSettings.swift in Sources */,
				EB9DBC76F05AA8A541358FA9 /* ConversionState.swift in Sources */,
				726ADACE4EBB7CC4EA23439A /* FFmpegService.swift in Sources */,
				8830563DB174BAD3D3F9EB13 /* FileConverterApp.swift in Sources */,
				36051BF2BA1F8861DC4D659E /* FinderRequestWatcher.swift in Sources */,
				1C0C99007690CE15262FC1ED /* GhostscriptService.swift in Sources */,
				E7A48595A54F3E5B11CC71E9 /* HelpView.swift in Sources */,
				AE8D67EED14EBFBB5A4CD509 /* ImageMagickService.swift in Sources */,
				56122F691A83339956D92159 /* LibreOfficeService.swift in Sources */,
				D84EA8998C33B023D648D249 /* MainView.swift in Sources */,
				E7083DD38AF3362A036622AA /* MainViewModel.swift in Sources */,
				D387885D951839E98D49078C /* NotificationService.swift in Sources */,
				91C4ABB9E6E837B7889D629A /* OnboardingView.swift in Sources */,
				7BA557F45620B153EE56E4B1 /* OutputType.swift in Sources */,
				EA9D2FC30797BAE4EEE00435 /* PresetEditorView.swift in Sources */,
				8D97139C8CC07ABBAB8B2E64 /* PresetListView.swift in Sources */,
				1E25A81521E87CF9B8DBFE54 /* PresetStore.swift in Sources */,
				6D2F0D962C38B02D31204319 /* ProcessRunner.swift in Sources */,
				5A021A39CE3D27F5D025A45C /* SettingsView.swift in Sources */,
				F94DAAC3ECBF87856BD8180F /* SettingsViewModel.swift in Sources */,
			);
			runOnlyForDeploymentPostprocessing = 0;
		};
		BBC99E584A5D93201F5F18BA /* Sources */ = {
			isa = PBXSourcesBuildPhase;
			buildActionMask = 2147483647;
			files = (
				2C0EECCC6E09A0C7CFEC97A5 /* FinderSync.swift in Sources */,
			);
			runOnlyForDeploymentPostprocessing = 0;
		};
/* End PBXSourcesBuildPhase section */

/* Begin PBXTargetDependency section */
		B165EF1E8ED96DE939D669D5 /* PBXTargetDependency */ = {
			isa = PBXTargetDependency;
			target = 2679A122075577F63E6B6A65 /* FileConverterFinderSync */;
			targetProxy = AF53E9E384CE6CC22FC3A0A5 /* PBXContainerItemProxy */;
		};
/* End PBXTargetDependency section */

/* Begin XCBuildConfiguration section */
		4DD12FE8C3C1E65D2DE1E688 /* Release */ = {
			isa = XCBuildConfiguration;
			buildSettings = {
				ALWAYS_SEARCH_USER_PATHS = NO;
				CLANG_ANALYZER_NONNULL = YES;
				CLANG_ANALYZER_NUMBER_OBJECT_CONVERSION = YES_AGGRESSIVE;
				CLANG_CXX_LANGUAGE_STANDARD = "gnu++14";
				CLANG_CXX_LIBRARY = "libc++";
				CLANG_ENABLE_MODULES = YES;
				CLANG_ENABLE_OBJC_ARC = YES;
				CLANG_ENABLE_OBJC_WEAK = YES;
				CLANG_WARN_BLOCK_CAPTURE_AUTORELEASING = YES;
				CLANG_WARN_BOOL_CONVERSION = YES;
				CLANG_WARN_COMMA = YES;
				CLANG_WARN_CONSTANT_CONVERSION = YES;
				CLANG_WARN_DEPRECATED_OBJC_IMPLEMENTATIONS = YES;
				CLANG_WARN_DIRECT_OBJC_ISA_USAGE = YES_ERROR;
				CLANG_WARN_DOCUMENTATION_COMMENTS = YES;
				CLANG_WARN_EMPTY_BODY = YES;
				CLANG_WARN_ENUM_CONVERSION = YES;
				CLANG_WARN_INFINITE_RECURSION = YES;
				CLANG_WARN_INT_CONVERSION = YES;
				CLANG_WARN_NON_LITERAL_NULL_CONVERSION = YES;
				CLANG_WARN_OBJC_IMPLICIT_RETAIN_SELF = YES;
				CLANG_WARN_OBJC_LITERAL_CONVERSION = YES;
				CLANG_WARN_OBJC_ROOT_CLASS = YES_ERROR;
				CLANG_WARN_QUOTED_INCLUDE_IN_FRAMEWORK_HEADER = YES;
				CLANG_WARN_RANGE_LOOP_ANALYSIS = YES;
				CLANG_WARN_STRICT_PROTOTYPES = YES;
				CLANG_WARN_SUSPICIOUS_MOVE = YES;
				CLANG_WARN_UNGUARDED_AVAILABILITY = YES_AGGRESSIVE;
				CLANG_WARN_UNREACHABLE_CODE = YES;
				CLANG_WARN__DUPLICATE_METHOD_MATCH = YES;
				CODE_SIGN_STYLE = Manual;
				COPY_PHASE_STRIP = NO;
				DEBUG_INFORMATION_FORMAT = "dwarf-with-dsym";
				ENABLE_NS_ASSERTIONS = NO;
				ENABLE_STRICT_OBJC_MSGSEND = YES;
				GCC_C_LANGUAGE_STANDARD = gnu11;
				GCC_NO_COMMON_BLOCKS = YES;
				GCC_WARN_64_TO_32_BIT_CONVERSION = YES;
				GCC_WARN_ABOUT_RETURN_TYPE = YES_ERROR;
				GCC_WARN_UNDECLARED_SELECTOR = YES;
				GCC_WARN_UNINITIALIZED_AUTOS = YES_AGGRESSIVE;
				GCC_WARN_UNUSED_FUNCTION = YES;
				GCC_WARN_UNUSED_VARIABLE = YES;
				MACOSX_DEPLOYMENT_TARGET = 13.0;
				MTL_ENABLE_DEBUG_INFO = NO;
				MTL_FAST_MATH = YES;
				PRODUCT_NAME = "$(TARGET_NAME)";
				SDKROOT = macosx;
				SWIFT_COMPILATION_MODE = wholemodule;
				SWIFT_OPTIMIZATION_LEVEL = "-O";
				SWIFT_VERSION = 6.0;
			};
			name = Release;
		};
		69ACB86BD3B98FF4A20D53B3 /* Debug */ = {
			isa = XCBuildConfiguration;
			buildSettings = {
				CODE_SIGN_ENTITLEMENTS = FinderSyncExtension/Entitlements.plist;
				COMBINE_HIDPI_IMAGES = YES;
				INFOPLIST_FILE = FinderSyncExtension/Info.plist;
				LD_RUNPATH_SEARCH_PATHS = "$(inherited) @executable_path/../../../../Frameworks";
				PRODUCT_BUNDLE_IDENTIFIER = com.fileconverter.app.FinderSyncExtension;
				SDKROOT = macosx;
			};
			name = Debug;
		};
		8006C9B14804713A5F9C4540 /* Debug */ = {
			isa = XCBuildConfiguration;
			buildSettings = {
				ASSETCATALOG_COMPILER_APPICON_NAME = AppIcon;
				CODE_SIGN_ENTITLEMENTS = FileConverter/Entitlements.plist;
				COMBINE_HIDPI_IMAGES = YES;
				INFOPLIST_FILE = FileConverter/Info.plist;
				LD_RUNPATH_SEARCH_PATHS = "$(inherited) @executable_path/../Frameworks";
				PRODUCT_BUNDLE_IDENTIFIER = com.fileconverter.app;
				SDKROOT = macosx;
			};
			name = Debug;
		};
		86E19CD1A2D96D87749E8DC1 /* Release */ = {
			isa = XCBuildConfiguration;
			buildSettings = {
				ASSETCATALOG_COMPILER_APPICON_NAME = AppIcon;
				CODE_SIGN_ENTITLEMENTS = FileConverter/Entitlements.plist;
				COMBINE_HIDPI_IMAGES = YES;
				INFOPLIST_FILE = FileConverter/Info.plist;
				LD_RUNPATH_SEARCH_PATHS = "$(inherited) @executable_path/../Frameworks";
				PRODUCT_BUNDLE_IDENTIFIER = com.fileconverter.app;
				SDKROOT = macosx;
			};
			name = Release;
		};
		D2C592205B93F269EF67C0BB /* Release */ = {
			isa = XCBuildConfiguration;
			buildSettings = {
				CODE_SIGN_ENTITLEMENTS = FinderSyncExtension/Entitlements.plist;
				COMBINE_HIDPI_IMAGES = YES;
				INFOPLIST_FILE = FinderSyncExtension/Info.plist;
				LD_RUNPATH_SEARCH_PATHS = "$(inherited) @executable_path/../../../../Frameworks";
				PRODUCT_BUNDLE_IDENTIFIER = com.fileconverter.app.FinderSyncExtension;
				SDKROOT = macosx;
			};
			name = Release;
		};
		F6E4C144D454306A90553CE8 /* Debug */ = {
			isa = XCBuildConfiguration;
			buildSettings = {
				ALWAYS_SEARCH_USER_PATHS = NO;
				CLANG_ANALYZER_NONNULL = YES;
				CLANG_ANALYZER_NUMBER_OBJECT_CONVERSION = YES_AGGRESSIVE;
				CLANG_CXX_LANGUAGE_STANDARD = "gnu++14";
				CLANG_CXX_LIBRARY = "libc++";
				CLANG_ENABLE_MODULES = YES;
				CLANG_ENABLE_OBJC_ARC = YES;
				CLANG_ENABLE_OBJC_WEAK = YES;
				CLANG_WARN_BLOCK_CAPTURE_AUTORELEASING = YES;
				CLANG_WARN_BOOL_CONVERSION = YES;
				CLANG_WARN_COMMA = YES;
				CLANG_WARN_CONSTANT_CONVERSION = YES;
				CLANG_WARN_DEPRECATED_OBJC_IMPLEMENTATIONS = YES;
				CLANG_WARN_DIRECT_OBJC_ISA_USAGE = YES_ERROR;
				CLANG_WARN_DOCUMENTATION_COMMENTS = YES;
				CLANG_WARN_EMPTY_BODY = YES;
				CLANG_WARN_ENUM_CONVERSION = YES;
				CLANG_WARN_INFINITE_RECURSION = YES;
				CLANG_WARN_INT_CONVERSION = YES;
				CLANG_WARN_NON_LITERAL_NULL_CONVERSION = YES;
				CLANG_WARN_OBJC_IMPLICIT_RETAIN_SELF = YES;
				CLANG_WARN_OBJC_LITERAL_CONVERSION = YES;
				CLANG_WARN_OBJC_ROOT_CLASS = YES_ERROR;
				CLANG_WARN_QUOTED_INCLUDE_IN_FRAMEWORK_HEADER = YES;
				CLANG_WARN_RANGE_LOOP_ANALYSIS = YES;
				CLANG_WARN_STRICT_PROTOTYPES = YES;
				CLANG_WARN_SUSPICIOUS_MOVE = YES;
				CLANG_WARN_UNGUARDED_AVAILABILITY = YES_AGGRESSIVE;
				CLANG_WARN_UNREACHABLE_CODE = YES;
				CLANG_WARN__DUPLICATE_METHOD_MATCH = YES;
				CODE_SIGN_STYLE = Manual;
				COPY_PHASE_STRIP = NO;
				DEBUG_INFORMATION_FORMAT = dwarf;
				ENABLE_STRICT_OBJC_MSGSEND = YES;
				ENABLE_TESTABILITY = YES;
				GCC_C_LANGUAGE_STANDARD = gnu11;
				GCC_DYNAMIC_NO_PIC = NO;
				GCC_NO_COMMON_BLOCKS = YES;
				GCC_OPTIMIZATION_LEVEL = 0;
				GCC_PREPROCESSOR_DEFINITIONS = (
					"$(inherited)",
					"DEBUG=1",
				);
				GCC_WARN_64_TO_32_BIT_CONVERSION = YES;
				GCC_WARN_ABOUT_RETURN_TYPE = YES_ERROR;
				GCC_WARN_UNDECLARED_SELECTOR = YES;
				GCC_WARN_UNINITIALIZED_AUTOS = YES_AGGRESSIVE;
				GCC_WARN_UNUSED_FUNCTION = YES;
				GCC_WARN_UNUSED_VARIABLE = YES;
				MACOSX_DEPLOYMENT_TARGET = 13.0;
				MTL_ENABLE_DEBUG_INFO = INCLUDE_SOURCE;
				MTL_FAST_MATH = YES;
				ONLY_ACTIVE_ARCH = YES;
				PRODUCT_NAME = "$(TARGET_NAME)";
				SDKROOT = macosx;
				SWIFT_ACTIVE_COMPILATION_CONDITIONS = DEBUG;
				SWIFT_OPTIMIZATION_LEVEL = "-Onone";
				SWIFT_VERSION = 6.0;
			};
			name = Debug;
		};
/* End XCBuildConfiguration section */

/* Begin XCConfigurationList section */
		33508490641926EC241201E9 /* Build configuration list for PBXNativeTarget "FileConverter" */ = {
			isa = XCConfigurationList;
			buildConfigurations = (
				8006C9B14804713A5F9C4540 /* Debug */,
				86E19CD1A2D96D87749E8DC1 /* Release */,
			);
			defaultConfigurationIsVisible = 0;
			defaultConfigurationName = Debug;
		};
		8F47F3E32C27EE60E573ED20 /* Build configuration list for PBXNativeTarget "FileConverterFinderSync" */ = {
			isa = XCConfigurationList;
			buildConfigurations = (
				69ACB86BD3B98FF4A20D53B3 /* Debug */,
				D2C592205B93F269EF67C0BB /* Release */,
			);
			defaultConfigurationIsVisible = 0;
			defaultConfigurationName = Debug;
		};
		D62CD30514A353786B9F1C74 /* Build configuration list for PBXProject "FileConverter" */ = {
			isa = XCConfigurationList;
			buildConfigurations = (
				F6E4C144D454306A90553CE8 /* Debug */,
				4DD12FE8C3C1E65D2DE1E688 /* Release */,
			);
			defaultConfigurationIsVisible = 0;
			defaultConfigurationName = Debug;
		};
/* End XCConfigurationList section */
	};
	rootObject = 0F8379AC13777C01F0B82E78 /* Project object */;
}
