// !$*UTF8*$!
{
	archiveVersion = 1;
	classes = {
	};
	objectVersion = 77;
	objects = {

/* Begin PBXBuildFile section */
		061D355CEB57AEE1BBDEDD92 /* ClipboardSelectionTests.swift in Sources */ = {isa = PBXBuildFile; fileRef = CB81E4ED80D9164BBE311152 /* ClipboardSelectionTests.swift */; };
		08286DEC42FE7F8B85979AC8 /* Settings.default.json in Resources */ = {isa = PBXBuildFile; fileRef = 16007831D2577F0DFD93ADA8 /* Settings.default.json */; };
		08F658052BF157ABEA630E52 /* ProcessTerminationTests.swift in Sources */ = {isa = PBXBuildFile; fileRef = B03D09E5C7FCAE48007DCFAC /* ProcessTerminationTests.swift */; };
		0E165F96BC6A218DC8002B21 /* FFmpegProgressParserTests.swift in Sources */ = {isa = PBXBuildFile; fileRef = 59F84B50E3F5A83CAC91F21E /* FFmpegProgressParserTests.swift */; };
		142D04008BFF5C11BA6221BE /* ProcessTermination.swift in Sources */ = {isa = PBXBuildFile; fileRef = D12C2C17D33BBD2C25590C43 /* ProcessTermination.swift */; };
		17B23FFD9F2951A8BB138001 /* ConversionState.swift in Sources */ = {isa = PBXBuildFile; fileRef = CFF45C75D905C642C154ED8C /* ConversionState.swift */; };
		1DE29791F167CD6F2AA73648 /* Assets.xcassets in Resources */ = {isa = PBXBuildFile; fileRef = 555A641AE2E3D6B9B8345A39 /* Assets.xcassets */; };
		209868C9F954A0AC2A68C0FC /* ConversionOrchestrator.swift in Sources */ = {isa = PBXBuildFile; fileRef = B7BA21AC75D459B3D91C5E1E /* ConversionOrchestrator.swift */; };
		29BE358FBE34AFF70FF8C038 /* SettingsViewModel.swift in Sources */ = {isa = PBXBuildFile; fileRef = D593DE6148C1E811858210DE /* SettingsViewModel.swift */; };
		37E049A135BDC639DAEDA1C4 /* ClipboardReader.swift in Sources */ = {isa = PBXBuildFile; fileRef = 17B72A9135D8F39F1EB7C050 /* ClipboardReader.swift */; };
		3EB2B4690228D75354C3A040 /* LoggerService.swift in Sources */ = {isa = PBXBuildFile; fileRef = 76EB53C77C53BCDCC34A1D23 /* LoggerService.swift */; };
		3FD6FDFA71E36B81D3490C00 /* FFconvService.swift in Sources */ = {isa = PBXBuildFile; fileRef = 128182F8EA2202247FE0B609 /* FFconvService.swift */; };
		4B56A11DDF535F8D5EC34686 /* LibreOfficeService.swift in Sources */ = {isa = PBXBuildFile; fileRef = D522B067119D611BE5AC2073 /* LibreOfficeService.swift */; };
		5200BA15EC9759527F2D2140 /* ConversionOrchestratorTests.swift in Sources */ = {isa = PBXBuildFile; fileRef = 3FDA8972F5671922D43B3C02 /* ConversionOrchestratorTests.swift */; };
		520BFF597DB9362A912EA195 /* ConversionPresetTests.swift in Sources */ = {isa = PBXBuildFile; fileRef = 09128E82B8F9035D3F6983CE /* ConversionPresetTests.swift */; };
		522257F9B2322B687EFC734C /* ImageMagickService.swift in Sources */ = {isa = PBXBuildFile; fileRef = AD8875DC27180B60C7E69DD8 /* ImageMagickService.swift */; };
		5485A6767777DEF170EFFA73 /* OutputType.swift in Sources */ = {isa = PBXBuildFile; fileRef = 86E253909386B0A969AD815D /* OutputType.swift */; };
		5C067A1905228118743233D4 /* IntegrationTests.swift in Sources */ = {isa = PBXBuildFile; fileRef = A9470AFAF87DCE09AF3376B1 /* IntegrationTests.swift */; };
		65D335F9F962C75087FD81D3 /* LibreOfficeServiceTests.swift in Sources */ = {isa = PBXBuildFile; fileRef = 9A4FE132C02B3073021F74DF /* LibreOfficeServiceTests.swift */; };
		692D81AF60E8BB3316624DCD /* ConversionSettings.swift in Sources */ = {isa = PBXBuildFile; fileRef = 5D724DCD65CF647D33FEF238 /* ConversionSettings.swift */; };
		798C76CA1A8B7224D0663097 /* FFmpegService.swift in Sources */ = {isa = PBXBuildFile; fileRef = 1CD8D7CDF18BEB21B8EF1573 /* FFmpegService.swift */; };
		7B3C0428376B7510216300CC /* SettingsView.swift in Sources */ = {isa = PBXBuildFile; fileRef = F163DA1089AA9D2E335805D0 /* SettingsView.swift */; };
		8397A263AC8B977506B68E4E /* FFmpegServiceTests.swift in Sources */ = {isa = PBXBuildFile; fileRef = 0B19EEB24D7DB101BB0A1A0D /* FFmpegServiceTests.swift */; };
		83BCE679CB2BB5DBCA60C96D /* BundlePaths.swift in Sources */ = {isa = PBXBuildFile; fileRef = E38F8033028BA9FC5C9BE2BA /* BundlePaths.swift */; };
		84682B6BD9A138A1B996D013 /* OutputTypeTests.swift in Sources */ = {isa = PBXBuildFile; fileRef = 1D0240EAFCA66C0CE922B78C /* OutputTypeTests.swift */; };
		9014AED3BF68DBD882482AAD /* FileConverterApp.swift in Sources */ = {isa = PBXBuildFile; fileRef = 49FB1C2FFB6A4ACF2C5ACD53 /* FileConverterApp.swift */; };
		903A237ADC938FD039B0915A /* QuitConfirmation.swift in Sources */ = {isa = PBXBuildFile; fileRef = F3A24B8C17F2F0DE9D17629E /* QuitConfirmation.swift */; };
		91538CF526A020188D6360D8 /* ConversionJob.swift in Sources */ = {isa = PBXBuildFile; fileRef = AC743EC0A54BAFF3FB66EE88 /* ConversionJob.swift */; };
		916F581517C94EC1AC9C4857 /* NotificationService.swift in Sources */ = {isa = PBXBuildFile; fileRef = 0BE35EF1B1A2027903EE93A2 /* NotificationService.swift */; };
		931BA48574B5558188E10093 /* ConversionProgressSnapshot.swift in Sources */ = {isa = PBXBuildFile; fileRef = DE031BA8B57D0B53925C2026 /* ConversionProgressSnapshot.swift */; };
		946EA8FB4B842DA06EFAE632 /* AppSettings.swift in Sources */ = {isa = PBXBuildFile; fileRef = D62C8C41D74A69877F438A93 /* AppSettings.swift */; };
		B06BDC15F63FB13376FDDF42 /* MenuBarContent.swift in Sources */ = {isa = PBXBuildFile; fileRef = 282D5587326B731E1CB9E7A5 /* MenuBarContent.swift */; };
		C4EFB30CEB037596A9D76E00 /* FFmpegProgressParser.swift in Sources */ = {isa = PBXBuildFile; fileRef = F4E44BBEAEF031447F822085 /* FFmpegProgressParser.swift */; };
		C4FC0AEC7BED919E2EA70F48 /* PresetStore.swift in Sources */ = {isa = PBXBuildFile; fileRef = FCFDB5A2A971A61C1567FF19 /* PresetStore.swift */; };
		CBF704B5C94501B4C19EA81D /* MenuBarStatusLabel.swift in Sources */ = {isa = PBXBuildFile; fileRef = 509F35BFD086483B2BBAAB61 /* MenuBarStatusLabel.swift */; };
		DF19637669A98C0693923942 /* PresetListView.swift in Sources */ = {isa = PBXBuildFile; fileRef = 6716A1939E0FB9D7AF9EE221 /* PresetListView.swift */; };
		E2D41E1B77AA8187C005C750 /* AppInfo.swift in Sources */ = {isa = PBXBuildFile; fileRef = 32C01DDB67C04D38982D52C5 /* AppInfo.swift */; };
		E92487C1A1272D32AD6D4FCA /* ConversionPreset.swift in Sources */ = {isa = PBXBuildFile; fileRef = 67F20E8BB8A1F8E47CD41A41 /* ConversionPreset.swift */; };
		EC19DD0A21553C76772FB60F /* SubprocessRunner.swift in Sources */ = {isa = PBXBuildFile; fileRef = 37FFE9918B943979F571EA33 /* SubprocessRunner.swift */; };
		EF1F7AB8C72FF918C019C715 /* AppDelegate.swift in Sources */ = {isa = PBXBuildFile; fileRef = 4480389D531EA2385D75B9FD /* AppDelegate.swift */; };
		F8B05E04B43A23C63830C370 /* ClipboardSelection.swift in Sources */ = {isa = PBXBuildFile; fileRef = 665A9CB51F300AA4D1A80D64 /* ClipboardSelection.swift */; };
/* End PBXBuildFile section */

/* Begin PBXContainerItemProxy section */
		64B893519F7C759080CB8EAD /* PBXContainerItemProxy */ = {
			isa = PBXContainerItemProxy;
			containerPortal = BD2D8385B3904AC35D718A9F /* Project object */;
			proxyType = 1;
			remoteGlobalIDString = 780D9B1C0A3280D05DBFC39D;
			remoteInfo = convertfile43;
		};
/* End PBXContainerItemProxy section */

/* Begin PBXFileReference section */
		09128E82B8F9035D3F6983CE /* ConversionPresetTests.swift */ = {isa = PBXFileReference; lastKnownFileType = sourcecode.swift; path = ConversionPresetTests.swift; sourceTree = "<group>"; };
		0B19EEB24D7DB101BB0A1A0D /* FFmpegServiceTests.swift */ = {isa = PBXFileReference; lastKnownFileType = sourcecode.swift; path = FFmpegServiceTests.swift; sourceTree = "<group>"; };
		0BE35EF1B1A2027903EE93A2 /* NotificationService.swift */ = {isa = PBXFileReference; lastKnownFileType = sourcecode.swift; path = NotificationService.swift; sourceTree = "<group>"; };
		128182F8EA2202247FE0B609 /* FFconvService.swift */ = {isa = PBXFileReference; lastKnownFileType = sourcecode.swift; path = FFconvService.swift; sourceTree = "<group>"; };
		16007831D2577F0DFD93ADA8 /* Settings.default.json */ = {isa = PBXFileReference; lastKnownFileType = text.json; path = Settings.default.json; sourceTree = "<group>"; };
		17B72A9135D8F39F1EB7C050 /* ClipboardReader.swift */ = {isa = PBXFileReference; lastKnownFileType = sourcecode.swift; path = ClipboardReader.swift; sourceTree = "<group>"; };
		1CD8D7CDF18BEB21B8EF1573 /* FFmpegService.swift */ = {isa = PBXFileReference; lastKnownFileType = sourcecode.swift; path = FFmpegService.swift; sourceTree = "<group>"; };
		1D0240EAFCA66C0CE922B78C /* OutputTypeTests.swift */ = {isa = PBXFileReference; lastKnownFileType = sourcecode.swift; path = OutputTypeTests.swift; sourceTree = "<group>"; };
		282D5587326B731E1CB9E7A5 /* MenuBarContent.swift */ = {isa = PBXFileReference; lastKnownFileType = sourcecode.swift; path = MenuBarContent.swift; sourceTree = "<group>"; };
		32C01DDB67C04D38982D52C5 /* AppInfo.swift */ = {isa = PBXFileReference; lastKnownFileType = sourcecode.swift; path = AppInfo.swift; sourceTree = "<group>"; };
		37FFE9918B943979F571EA33 /* SubprocessRunner.swift */ = {isa = PBXFileReference; lastKnownFileType = sourcecode.swift; path = SubprocessRunner.swift; sourceTree = "<group>"; };
		3FDA8972F5671922D43B3C02 /* ConversionOrchestratorTests.swift */ = {isa = PBXFileReference; lastKnownFileType = sourcecode.swift; path = ConversionOrchestratorTests.swift; sourceTree = "<group>"; };
		401388D292F36154C740F344 /* FileConverterTests.xctest */ = {isa = PBXFileReference; explicitFileType = wrapper.cfbundle; includeInIndex = 0; path = FileConverterTests.xctest; sourceTree = BUILT_PRODUCTS_DIR; };
		4480389D531EA2385D75B9FD /* AppDelegate.swift */ = {isa = PBXFileReference; lastKnownFileType = sourcecode.swift; path = AppDelegate.swift; sourceTree = "<group>"; };
		49FB1C2FFB6A4ACF2C5ACD53 /* FileConverterApp.swift */ = {isa = PBXFileReference; lastKnownFileType = sourcecode.swift; path = FileConverterApp.swift; sourceTree = "<group>"; };
		509F35BFD086483B2BBAAB61 /* MenuBarStatusLabel.swift */ = {isa = PBXFileReference; lastKnownFileType = sourcecode.swift; path = MenuBarStatusLabel.swift; sourceTree = "<group>"; };
		555A641AE2E3D6B9B8345A39 /* Assets.xcassets */ = {isa = PBXFileReference; lastKnownFileType = folder.assetcatalog; path = Assets.xcassets; sourceTree = "<group>"; };
		59F84B50E3F5A83CAC91F21E /* FFmpegProgressParserTests.swift */ = {isa = PBXFileReference; lastKnownFileType = sourcecode.swift; path = FFmpegProgressParserTests.swift; sourceTree = "<group>"; };
		5D724DCD65CF647D33FEF238 /* ConversionSettings.swift */ = {isa = PBXFileReference; lastKnownFileType = sourcecode.swift; path = ConversionSettings.swift; sourceTree = "<group>"; };
		665A9CB51F300AA4D1A80D64 /* ClipboardSelection.swift */ = {isa = PBXFileReference; lastKnownFileType = sourcecode.swift; path = ClipboardSelection.swift; sourceTree = "<group>"; };
		6716A1939E0FB9D7AF9EE221 /* PresetListView.swift */ = {isa = PBXFileReference; lastKnownFileType = sourcecode.swift; path = PresetListView.swift; sourceTree = "<group>"; };
		67F20E8BB8A1F8E47CD41A41 /* ConversionPreset.swift */ = {isa = PBXFileReference; lastKnownFileType = sourcecode.swift; path = ConversionPreset.swift; sourceTree = "<group>"; };
		76EB53C77C53BCDCC34A1D23 /* LoggerService.swift */ = {isa = PBXFileReference; lastKnownFileType = sourcecode.swift; path = LoggerService.swift; sourceTree = "<group>"; };
		86E253909386B0A969AD815D /* OutputType.swift */ = {isa = PBXFileReference; lastKnownFileType = sourcecode.swift; path = OutputType.swift; sourceTree = "<group>"; };
		9A4FE132C02B3073021F74DF /* LibreOfficeServiceTests.swift */ = {isa = PBXFileReference; lastKnownFileType = sourcecode.swift; path = LibreOfficeServiceTests.swift; sourceTree = "<group>"; };
		A9470AFAF87DCE09AF3376B1 /* IntegrationTests.swift */ = {isa = PBXFileReference; lastKnownFileType = sourcecode.swift; path = IntegrationTests.swift; sourceTree = "<group>"; };
		AC743EC0A54BAFF3FB66EE88 /* ConversionJob.swift */ = {isa = PBXFileReference; lastKnownFileType = sourcecode.swift; path = ConversionJob.swift; sourceTree = "<group>"; };
		AD8875DC27180B60C7E69DD8 /* ImageMagickService.swift */ = {isa = PBXFileReference; lastKnownFileType = sourcecode.swift; path = ImageMagickService.swift; sourceTree = "<group>"; };
		B03D09E5C7FCAE48007DCFAC /* ProcessTerminationTests.swift */ = {isa = PBXFileReference; lastKnownFileType = sourcecode.swift; path = ProcessTerminationTests.swift; sourceTree = "<group>"; };
		B7BA21AC75D459B3D91C5E1E /* ConversionOrchestrator.swift */ = {isa = PBXFileReference; lastKnownFileType = sourcecode.swift; path = ConversionOrchestrator.swift; sourceTree = "<group>"; };
		CB81E4ED80D9164BBE311152 /* ClipboardSelectionTests.swift */ = {isa = PBXFileReference; lastKnownFileType = sourcecode.swift; path = ClipboardSelectionTests.swift; sourceTree = "<group>"; };
		CFF45C75D905C642C154ED8C /* ConversionState.swift */ = {isa = PBXFileReference; lastKnownFileType = sourcecode.swift; path = ConversionState.swift; sourceTree = "<group>"; };
		D12C2C17D33BBD2C25590C43 /* ProcessTermination.swift */ = {isa = PBXFileReference; lastKnownFileType = sourcecode.swift; path = ProcessTermination.swift; sourceTree = "<group>"; };
		D522B067119D611BE5AC2073 /* LibreOfficeService.swift */ = {isa = PBXFileReference; lastKnownFileType = sourcecode.swift; path = LibreOfficeService.swift; sourceTree = "<group>"; };
		D593DE6148C1E811858210DE /* SettingsViewModel.swift */ = {isa = PBXFileReference; lastKnownFileType = sourcecode.swift; path = SettingsViewModel.swift; sourceTree = "<group>"; };
		D62C8C41D74A69877F438A93 /* AppSettings.swift */ = {isa = PBXFileReference; lastKnownFileType = sourcecode.swift; path = AppSettings.swift; sourceTree = "<group>"; };
		DE031BA8B57D0B53925C2026 /* ConversionProgressSnapshot.swift */ = {isa = PBXFileReference; lastKnownFileType = sourcecode.swift; path = ConversionProgressSnapshot.swift; sourceTree = "<group>"; };
		E38F8033028BA9FC5C9BE2BA /* BundlePaths.swift */ = {isa = PBXFileReference; lastKnownFileType = sourcecode.swift; path = BundlePaths.swift; sourceTree = "<group>"; };
		E7B7521867ACDEE91FEF6EF9 /* convertfile43.app */ = {isa = PBXFileReference; explicitFileType = wrapper.application; includeInIndex = 0; path = convertfile43.app; sourceTree = BUILT_PRODUCTS_DIR; };
		F163DA1089AA9D2E335805D0 /* SettingsView.swift */ = {isa = PBXFileReference; lastKnownFileType = sourcecode.swift; path = SettingsView.swift; sourceTree = "<group>"; };
		F3A24B8C17F2F0DE9D17629E /* QuitConfirmation.swift */ = {isa = PBXFileReference; lastKnownFileType = sourcecode.swift; path = QuitConfirmation.swift; sourceTree = "<group>"; };
		F4E44BBEAEF031447F822085 /* FFmpegProgressParser.swift */ = {isa = PBXFileReference; lastKnownFileType = sourcecode.swift; path = FFmpegProgressParser.swift; sourceTree = "<group>"; };
		FCFDB5A2A971A61C1567FF19 /* PresetStore.swift */ = {isa = PBXFileReference; lastKnownFileType = sourcecode.swift; path = PresetStore.swift; sourceTree = "<group>"; };
/* End PBXFileReference section */

/* Begin PBXGroup section */
		136F893BE3A1BD32F2679F78 /* Core */ = {
			isa = PBXGroup;
			children = (
				6A07415139EB786A7014BD44 /* Models */,
				D040E02155EC3827CA298DD7 /* Services */,
				7BEEFB1760B508CC825FD02B /* Utilities */,
			);
			path = Core;
			sourceTree = "<group>";
		};
		35F21E18085BCDA881A403B7 /* Features */ = {
			isa = PBXGroup;
			children = (
				CF81F750851C88F045DD1A88 /* Conversions */,
				BD15E3401487B13D9BC2E534 /* MenuBar */,
				46A9E7619AC2C3A14284AF77 /* Settings */,
			);
			path = Features;
			sourceTree = "<group>";
		};
		423EA77FE5269DC61FE99758 /* Products */ = {
			isa = PBXGroup;
			children = (
				E7B7521867ACDEE91FEF6EF9 /* convertfile43.app */,
				401388D292F36154C740F344 /* FileConverterTests.xctest */,
			);
			name = Products;
			sourceTree = "<group>";
		};
		46A9E7619AC2C3A14284AF77 /* Settings */ = {
			isa = PBXGroup;
			children = (
				6716A1939E0FB9D7AF9EE221 /* PresetListView.swift */,
				F163DA1089AA9D2E335805D0 /* SettingsView.swift */,
				D593DE6148C1E811858210DE /* SettingsViewModel.swift */,
			);
			path = Settings;
			sourceTree = "<group>";
		};
		671ACBFC411D8414EDF1B3C3 = {
			isa = PBXGroup;
			children = (
				E1B1887739960DBAD4E8C19D /* FileConverter */,
				7A0E777DC3820C820E51E0D4 /* FileConverterTests */,
				423EA77FE5269DC61FE99758 /* Products */,
			);
			sourceTree = "<group>";
		};
		6A07415139EB786A7014BD44 /* Models */ = {
			isa = PBXGroup;
			children = (
				D62C8C41D74A69877F438A93 /* AppSettings.swift */,
				AC743EC0A54BAFF3FB66EE88 /* ConversionJob.swift */,
				67F20E8BB8A1F8E47CD41A41 /* ConversionPreset.swift */,
				DE031BA8B57D0B53925C2026 /* ConversionProgressSnapshot.swift */,
				5D724DCD65CF647D33FEF238 /* ConversionSettings.swift */,
				CFF45C75D905C642C154ED8C /* ConversionState.swift */,
				86E253909386B0A969AD815D /* OutputType.swift */,
			);
			path = Models;
			sourceTree = "<group>";
		};
		6DD9683E1A8ABBE7CDDB2E97 /* Resources */ = {
			isa = PBXGroup;
			children = (
				555A641AE2E3D6B9B8345A39 /* Assets.xcassets */,
				16007831D2577F0DFD93ADA8 /* Settings.default.json */,
			);
			path = Resources;
			sourceTree = "<group>";
		};
		7A0E777DC3820C820E51E0D4 /* FileConverterTests */ = {
			isa = PBXGroup;
			children = (
				CB81E4ED80D9164BBE311152 /* ClipboardSelectionTests.swift */,
				3FDA8972F5671922D43B3C02 /* ConversionOrchestratorTests.swift */,
				09128E82B8F9035D3F6983CE /* ConversionPresetTests.swift */,
				59F84B50E3F5A83CAC91F21E /* FFmpegProgressParserTests.swift */,
				0B19EEB24D7DB101BB0A1A0D /* FFmpegServiceTests.swift */,
				A9470AFAF87DCE09AF3376B1 /* IntegrationTests.swift */,
				9A4FE132C02B3073021F74DF /* LibreOfficeServiceTests.swift */,
				1D0240EAFCA66C0CE922B78C /* OutputTypeTests.swift */,
				B03D09E5C7FCAE48007DCFAC /* ProcessTerminationTests.swift */,
			);
			path = FileConverterTests;
			sourceTree = "<group>";
		};
		7BEEFB1760B508CC825FD02B /* Utilities */ = {
			isa = PBXGroup;
			children = (
				32C01DDB67C04D38982D52C5 /* AppInfo.swift */,
				E38F8033028BA9FC5C9BE2BA /* BundlePaths.swift */,
				17B72A9135D8F39F1EB7C050 /* ClipboardReader.swift */,
				76EB53C77C53BCDCC34A1D23 /* LoggerService.swift */,
				D12C2C17D33BBD2C25590C43 /* ProcessTermination.swift */,
				37FFE9918B943979F571EA33 /* SubprocessRunner.swift */,
			);
			path = Utilities;
			sourceTree = "<group>";
		};
		B54590FB21A9E06FDDCF8444 /* App */ = {
			isa = PBXGroup;
			children = (
				4480389D531EA2385D75B9FD /* AppDelegate.swift */,
				49FB1C2FFB6A4ACF2C5ACD53 /* FileConverterApp.swift */,
				F3A24B8C17F2F0DE9D17629E /* QuitConfirmation.swift */,
			);
			path = App;
			sourceTree = "<group>";
		};
		BD15E3401487B13D9BC2E534 /* MenuBar */ = {
			isa = PBXGroup;
			children = (
				665A9CB51F300AA4D1A80D64 /* ClipboardSelection.swift */,
				282D5587326B731E1CB9E7A5 /* MenuBarContent.swift */,
				509F35BFD086483B2BBAAB61 /* MenuBarStatusLabel.swift */,
			);
			path = MenuBar;
			sourceTree = "<group>";
		};
		CF81F750851C88F045DD1A88 /* Conversions */ = {
			isa = PBXGroup;
			children = (
				B7BA21AC75D459B3D91C5E1E /* ConversionOrchestrator.swift */,
			);
			path = Conversions;
			sourceTree = "<group>";
		};
		D040E02155EC3827CA298DD7 /* Services */ = {
			isa = PBXGroup;
			children = (
				128182F8EA2202247FE0B609 /* FFconvService.swift */,
				F4E44BBEAEF031447F822085 /* FFmpegProgressParser.swift */,
				1CD8D7CDF18BEB21B8EF1573 /* FFmpegService.swift */,
				AD8875DC27180B60C7E69DD8 /* ImageMagickService.swift */,
				D522B067119D611BE5AC2073 /* LibreOfficeService.swift */,
				0BE35EF1B1A2027903EE93A2 /* NotificationService.swift */,
				FCFDB5A2A971A61C1567FF19 /* PresetStore.swift */,
			);
			path = Services;
			sourceTree = "<group>";
		};
		E1B1887739960DBAD4E8C19D /* FileConverter */ = {
			isa = PBXGroup;
			children = (
				B54590FB21A9E06FDDCF8444 /* App */,
				136F893BE3A1BD32F2679F78 /* Core */,
				35F21E18085BCDA881A403B7 /* Features */,
				6DD9683E1A8ABBE7CDDB2E97 /* Resources */,
			);
			path = FileConverter;
			sourceTree = "<group>";
		};
/* End PBXGroup section */

/* Begin PBXNativeTarget section */
		780D9B1C0A3280D05DBFC39D /* convertfile43 */ = {
			isa = PBXNativeTarget;
			buildConfigurationList = ECDB5567392EE3ECF5AD5B94 /* Build configuration list for PBXNativeTarget "convertfile43" */;
			buildPhases = (
				E39F0D91FA48F2AFEBC7F4A9 /* Generate App Icon */,
				E292BA79FC900FF0FFC73959 /* Build Rust Tool */,
				3B4737319FE87855971763CC /* Bundle Binary Dependencies */,
				C506EB02771746F06D23EC70 /* Sources */,
				772B77BBD7F8EF0544526F0F /* Resources */,
			);
			buildRules = (
			);
			dependencies = (
			);
			name = convertfile43;
			packageProductDependencies = (
			);
			productName = convertfile43;
			productReference = E7B7521867ACDEE91FEF6EF9 /* convertfile43.app */;
			productType = "com.apple.product-type.application";
		};
		886583197C7E856699D7260A /* FileConverterTests */ = {
			isa = PBXNativeTarget;
			buildConfigurationList = 7F4AE9771B919BDBC521C1AF /* Build configuration list for PBXNativeTarget "FileConverterTests" */;
			buildPhases = (
				926ED273072400A0869574F2 /* Sources */,
			);
			buildRules = (
			);
			dependencies = (
				FAB224A62269D6BF50B77BA5 /* PBXTargetDependency */,
			);
			name = FileConverterTests;
			packageProductDependencies = (
			);
			productName = FileConverterTests;
			productReference = 401388D292F36154C740F344 /* FileConverterTests.xctest */;
			productType = "com.apple.product-type.bundle.unit-test";
		};
/* End PBXNativeTarget section */

/* Begin PBXProject section */
		BD2D8385B3904AC35D718A9F /* Project object */ = {
			isa = PBXProject;
			attributes = {
				BuildIndependentTargetsInParallel = YES;
				LastUpgradeCheck = 1600;
				TargetAttributes = {
					780D9B1C0A3280D05DBFC39D = {
						ProvisioningStyle = Manual;
					};
					886583197C7E856699D7260A = {
						ProvisioningStyle = Manual;
					};
				};
			};
			buildConfigurationList = A80EADC082EB81BF6E4A508E /* Build configuration list for PBXProject "convertfile43" */;
			developmentRegion = en;
			hasScannedForEncodings = 0;
			knownRegions = (
				Base,
				en,
			);
			mainGroup = 671ACBFC411D8414EDF1B3C3;
			minimizedProjectReferenceProxies = 1;
			preferredProjectObjectVersion = 77;
			productRefGroup = 423EA77FE5269DC61FE99758 /* Products */;
			projectDirPath = "";
			projectRoot = "";
			targets = (
				886583197C7E856699D7260A /* FileConverterTests */,
				780D9B1C0A3280D05DBFC39D /* convertfile43 */,
			);
		};
/* End PBXProject section */

/* Begin PBXResourcesBuildPhase section */
		772B77BBD7F8EF0544526F0F /* Resources */ = {
			isa = PBXResourcesBuildPhase;
			buildActionMask = 2147483647;
			files = (
				1DE29791F167CD6F2AA73648 /* Assets.xcassets in Resources */,
				08286DEC42FE7F8B85979AC8 /* Settings.default.json in Resources */,
			);
			runOnlyForDeploymentPostprocessing = 0;
		};
/* End PBXResourcesBuildPhase section */

/* Begin PBXShellScriptBuildPhase section */
		3B4737319FE87855971763CC /* Bundle Binary Dependencies */ = {
			isa = PBXShellScriptBuildPhase;
			alwaysOutOfDate = 1;
			buildActionMask = 2147483647;
			files = (
			);
			inputFileListPaths = (
			);
			inputPaths = (
			);
			name = "Bundle Binary Dependencies";
			outputFileListPaths = (
			);
			outputPaths = (
			);
			runOnlyForDeploymentPostprocessing = 0;
			shellPath = /bin/sh;
			shellScript = "RESOURCES_DIR=\"$TARGET_BUILD_DIR/$UNLOCALIZED_RESOURCES_FOLDER_PATH\"\ncp -f \"$SRCROOT/Middleware/binaries/ffmpeg\" \"$RESOURCES_DIR/\"\ncp -f \"$SRCROOT/Middleware/binaries/ffconv\" \"$RESOURCES_DIR/\"\ncp -f \"$SRCROOT/Middleware/binaries/magick\" \"$RESOURCES_DIR/\"\n[ -f \"$SRCROOT/Middleware/binaries/potrace\" ] && cp -f \"$SRCROOT/Middleware/binaries/potrace\" \"$RESOURCES_DIR/\"\n";
		};
		E292BA79FC900FF0FFC73959 /* Build Rust Tool */ = {
			isa = PBXShellScriptBuildPhase;
			alwaysOutOfDate = 1;
			buildActionMask = 2147483647;
			files = (
			);
			inputFileListPaths = (
			);
			inputPaths = (
			);
			name = "Build Rust Tool";
			outputFileListPaths = (
			);
			outputPaths = (
			);
			runOnlyForDeploymentPostprocessing = 0;
			shellPath = /bin/sh;
			shellScript = "bash \"$SRCROOT/Middleware/Scripts/build-rust-tool.sh\"\n";
		};
		E39F0D91FA48F2AFEBC7F4A9 /* Generate App Icon */ = {
			isa = PBXShellScriptBuildPhase;
			alwaysOutOfDate = 1;
			buildActionMask = 2147483647;
			files = (
			);
			inputFileListPaths = (
			);
			inputPaths = (
			);
			name = "Generate App Icon";
			outputFileListPaths = (
			);
			outputPaths = (
			);
			runOnlyForDeploymentPostprocessing = 0;
			shellPath = /bin/sh;
			shellScript = "if [ ! -f \"$SRCROOT/Installer/app-icon.icns\" ]; then\n  bash \"$SRCROOT/Installer/generate-app-icon.sh\"\nfi\n";
		};
/* End PBXShellScriptBuildPhase section */

/* Begin PBXSourcesBuildPhase section */
		926ED273072400A0869574F2 /* Sources */ = {
			isa = PBXSourcesBuildPhase;
			buildActionMask = 2147483647;
			files = (
				061D355CEB57AEE1BBDEDD92 /* ClipboardSelectionTests.swift in Sources */,
				5200BA15EC9759527F2D2140 /* ConversionOrchestratorTests.swift in Sources */,
				520BFF597DB9362A912EA195 /* ConversionPresetTests.swift in Sources */,
				0E165F96BC6A218DC8002B21 /* FFmpegProgressParserTests.swift in Sources */,
				8397A263AC8B977506B68E4E /* FFmpegServiceTests.swift in Sources */,
				5C067A1905228118743233D4 /* IntegrationTests.swift in Sources */,
				65D335F9F962C75087FD81D3 /* LibreOfficeServiceTests.swift in Sources */,
				84682B6BD9A138A1B996D013 /* OutputTypeTests.swift in Sources */,
				08F658052BF157ABEA630E52 /* ProcessTerminationTests.swift in Sources */,
			);
			runOnlyForDeploymentPostprocessing = 0;
		};
		C506EB02771746F06D23EC70 /* Sources */ = {
			isa = PBXSourcesBuildPhase;
			buildActionMask = 2147483647;
			files = (
				EF1F7AB8C72FF918C019C715 /* AppDelegate.swift in Sources */,
				E2D41E1B77AA8187C005C750 /* AppInfo.swift in Sources */,
				946EA8FB4B842DA06EFAE632 /* AppSettings.swift in Sources */,
				83BCE679CB2BB5DBCA60C96D /* BundlePaths.swift in Sources */,
				37E049A135BDC639DAEDA1C4 /* ClipboardReader.swift in Sources */,
				F8B05E04B43A23C63830C370 /* ClipboardSelection.swift in Sources */,
				91538CF526A020188D6360D8 /* ConversionJob.swift in Sources */,
				209868C9F954A0AC2A68C0FC /* ConversionOrchestrator.swift in Sources */,
				E92487C1A1272D32AD6D4FCA /* ConversionPreset.swift in Sources */,
				931BA48574B5558188E10093 /* ConversionProgressSnapshot.swift in Sources */,
				692D81AF60E8BB3316624DCD /* ConversionSettings.swift in Sources */,
				17B23FFD9F2951A8BB138001 /* ConversionState.swift in Sources */,
				3FD6FDFA71E36B81D3490C00 /* FFconvService.swift in Sources */,
				C4EFB30CEB037596A9D76E00 /* FFmpegProgressParser.swift in Sources */,
				798C76CA1A8B7224D0663097 /* FFmpegService.swift in Sources */,
				9014AED3BF68DBD882482AAD /* FileConverterApp.swift in Sources */,
				522257F9B2322B687EFC734C /* ImageMagickService.swift in Sources */,
				4B56A11DDF535F8D5EC34686 /* LibreOfficeService.swift in Sources */,
				3EB2B4690228D75354C3A040 /* LoggerService.swift in Sources */,
				B06BDC15F63FB13376FDDF42 /* MenuBarContent.swift in Sources */,
				CBF704B5C94501B4C19EA81D /* MenuBarStatusLabel.swift in Sources */,
				916F581517C94EC1AC9C4857 /* NotificationService.swift in Sources */,
				5485A6767777DEF170EFFA73 /* OutputType.swift in Sources */,
				DF19637669A98C0693923942 /* PresetListView.swift in Sources */,
				C4FC0AEC7BED919E2EA70F48 /* PresetStore.swift in Sources */,
				142D04008BFF5C11BA6221BE /* ProcessTermination.swift in Sources */,
				903A237ADC938FD039B0915A /* QuitConfirmation.swift in Sources */,
				7B3C0428376B7510216300CC /* SettingsView.swift in Sources */,
				29BE358FBE34AFF70FF8C038 /* SettingsViewModel.swift in Sources */,
				EC19DD0A21553C76772FB60F /* SubprocessRunner.swift in Sources */,
			);
			runOnlyForDeploymentPostprocessing = 0;
		};
/* End PBXSourcesBuildPhase section */

/* Begin PBXTargetDependency section */
		FAB224A62269D6BF50B77BA5 /* PBXTargetDependency */ = {
			isa = PBXTargetDependency;
			target = 780D9B1C0A3280D05DBFC39D /* convertfile43 */;
			targetProxy = 64B893519F7C759080CB8EAD /* PBXContainerItemProxy */;
		};
/* End PBXTargetDependency section */

/* Begin XCBuildConfiguration section */
		2B865191CEC196E8BB88E2BD /* Debug */ = {
			isa = XCBuildConfiguration;
			buildSettings = {
				ASSETCATALOG_COMPILER_APPICON_NAME = AppIcon;
				CODE_SIGN_ENTITLEMENTS = FileConverter/Entitlements.plist;
				COMBINE_HIDPI_IMAGES = YES;
				DEFINES_MODULE = YES;
				INFOPLIST_FILE = FileConverter/Info.plist;
				LD_RUNPATH_SEARCH_PATHS = "$(inherited) @executable_path/../Frameworks";
				PRODUCT_BUNDLE_IDENTIFIER = com.convertfile43.app;
				PRODUCT_MODULE_NAME = convertfile43;
				SDKROOT = macosx;
				SWIFT_ACTIVE_COMPILATION_CONDITIONS = "$(inherited) DEBUG";
			};
			name = Debug;
		};
		5387C142A096ADB3CE52DAC3 /* Debug */ = {
			isa = XCBuildConfiguration;
			buildSettings = {
				BUNDLE_LOADER = "$(TEST_HOST)";
				COMBINE_HIDPI_IMAGES = YES;
				LD_RUNPATH_SEARCH_PATHS = (
					"$(inherited)",
					"@executable_path/../Frameworks",
					"@loader_path/../Frameworks",
				);
				PRODUCT_BUNDLE_IDENTIFIER = com.convertfile43.tests;
				SDKROOT = macosx;
				SWIFT_ACTIVE_COMPILATION_CONDITIONS = "$(inherited) DEBUG";
				TEST_HOST = "$(BUILT_PRODUCTS_DIR)/convertfile43.app/Contents/MacOS/convertfile43";
			};
			name = Debug;
		};
		A814176D2DCFA0D6198BB25A /* Release */ = {
			isa = XCBuildConfiguration;
			buildSettings = {
				BUNDLE_LOADER = "$(TEST_HOST)";
				COMBINE_HIDPI_IMAGES = YES;
				LD_RUNPATH_SEARCH_PATHS = (
					"$(inherited)",
					"@executable_path/../Frameworks",
					"@loader_path/../Frameworks",
				);
				PRODUCT_BUNDLE_IDENTIFIER = com.convertfile43.tests;
				SDKROOT = macosx;
				SWIFT_ACTIVE_COMPILATION_CONDITIONS = "$(inherited) DEBUG";
				TEST_HOST = "$(BUILT_PRODUCTS_DIR)/convertfile43.app/Contents/MacOS/convertfile43";
			};
			name = Release;
		};
		C438B72AA7ABDF4D37985989 /* Release */ = {
			isa = XCBuildConfiguration;
			buildSettings = {
				ALWAYS_SEARCH_USER_PATHS = NO;
				CLANG_ANALYZER_NONNULL = YES;
				CLANG_ANALYZER_NUMBER_OBJECT_CONVERSION = YES_AGGRESSIVE;
				CLANG_CXX_LANGUAGE_STANDARD = "gnu++14";
				CLANG_CXX_LIBRARY = "libc++";
				CLANG_ENABLE_MODULES = YES;
				CLANG_ENABLE_OBJC_ARC = YES;
				CLANG_ENABLE_OBJC_WEAK = YES;
				CLANG_WARN_BLOCK_CAPTURE_AUTORELEASING = YES;
				CLANG_WARN_BOOL_CONVERSION = YES;
				CLANG_WARN_COMMA = YES;
				CLANG_WARN_CONSTANT_CONVERSION = YES;
				CLANG_WARN_DEPRECATED_OBJC_IMPLEMENTATIONS = YES;
				CLANG_WARN_DIRECT_OBJC_ISA_USAGE = YES_ERROR;
				CLANG_WARN_DOCUMENTATION_COMMENTS = YES;
				CLANG_WARN_EMPTY_BODY = YES;
				CLANG_WARN_ENUM_CONVERSION = YES;
				CLANG_WARN_INFINITE_RECURSION = YES;
				CLANG_WARN_INT_CONVERSION = YES;
				CLANG_WARN_NON_LITERAL_NULL_CONVERSION = YES;
				CLANG_WARN_OBJC_IMPLICIT_RETAIN_SELF = YES;
				CLANG_WARN_OBJC_LITERAL_CONVERSION = YES;
				CLANG_WARN_OBJC_ROOT_CLASS = YES_ERROR;
				CLANG_WARN_QUOTED_INCLUDE_IN_FRAMEWORK_HEADER = YES;
				CLANG_WARN_RANGE_LOOP_ANALYSIS = YES;
				CLANG_WARN_STRICT_PROTOTYPES = YES;
				CLANG_WARN_SUSPICIOUS_MOVE = YES;
				CLANG_WARN_UNGUARDED_AVAILABILITY = YES_AGGRESSIVE;
				CLANG_WARN_UNREACHABLE_CODE = YES;
				CLANG_WARN__DUPLICATE_METHOD_MATCH = YES;
				CODE_SIGN_STYLE = Manual;
				COPY_PHASE_STRIP = NO;
				DEBUG_INFORMATION_FORMAT = "dwarf-with-dsym";
				ENABLE_NS_ASSERTIONS = NO;
				ENABLE_STRICT_OBJC_MSGSEND = YES;
				GCC_C_LANGUAGE_STANDARD = gnu11;
				GCC_NO_COMMON_BLOCKS = YES;
				GCC_WARN_64_TO_32_BIT_CONVERSION = YES;
				GCC_WARN_ABOUT_RETURN_TYPE = YES_ERROR;
				GCC_WARN_UNDECLARED_SELECTOR = YES;
				GCC_WARN_UNINITIALIZED_AUTOS = YES_AGGRESSIVE;
				GCC_WARN_UNUSED_FUNCTION = YES;
				GCC_WARN_UNUSED_VARIABLE = YES;
				MACOSX_DEPLOYMENT_TARGET = 14.0;
				MTL_ENABLE_DEBUG_INFO = NO;
				MTL_FAST_MATH = YES;
				PRODUCT_NAME = "$(TARGET_NAME)";
				SDKROOT = macosx;
				SWIFT_COMPILATION_MODE = wholemodule;
				SWIFT_OPTIMIZATION_LEVEL = "-O";
				SWIFT_VERSION = 6.0;
			};
			name = Release;
		};
		CEB56E537789BBC51E6A9FF1 /* Debug */ = {
			isa = XCBuildConfiguration;
			buildSettings = {
				ALWAYS_SEARCH_USER_PATHS = NO;
				CLANG_ANALYZER_NONNULL = YES;
				CLANG_ANALYZER_NUMBER_OBJECT_CONVERSION = YES_AGGRESSIVE;
				CLANG_CXX_LANGUAGE_STANDARD = "gnu++14";
				CLANG_CXX_LIBRARY = "libc++";
				CLANG_ENABLE_MODULES = YES;
				CLANG_ENABLE_OBJC_ARC = YES;
				CLANG_ENABLE_OBJC_WEAK = YES;
				CLANG_WARN_BLOCK_CAPTURE_AUTORELEASING = YES;
				CLANG_WARN_BOOL_CONVERSION = YES;
				CLANG_WARN_COMMA = YES;
				CLANG_WARN_CONSTANT_CONVERSION = YES;
				CLANG_WARN_DEPRECATED_OBJC_IMPLEMENTATIONS = YES;
				CLANG_WARN_DIRECT_OBJC_ISA_USAGE = YES_ERROR;
				CLANG_WARN_DOCUMENTATION_COMMENTS = YES;
				CLANG_WARN_EMPTY_BODY = YES;
				CLANG_WARN_ENUM_CONVERSION = YES;
				CLANG_WARN_INFINITE_RECURSION = YES;
				CLANG_WARN_INT_CONVERSION = YES;
				CLANG_WARN_NON_LITERAL_NULL_CONVERSION = YES;
				CLANG_WARN_OBJC_IMPLICIT_RETAIN_SELF = YES;
				CLANG_WARN_OBJC_LITERAL_CONVERSION = YES;
				CLANG_WARN_OBJC_ROOT_CLASS = YES_ERROR;
				CLANG_WARN_QUOTED_INCLUDE_IN_FRAMEWORK_HEADER = YES;
				CLANG_WARN_RANGE_LOOP_ANALYSIS = YES;
				CLANG_WARN_STRICT_PROTOTYPES = YES;
				CLANG_WARN_SUSPICIOUS_MOVE = YES;
				CLANG_WARN_UNGUARDED_AVAILABILITY = YES_AGGRESSIVE;
				CLANG_WARN_UNREACHABLE_CODE = YES;
				CLANG_WARN__DUPLICATE_METHOD_MATCH = YES;
				CODE_SIGN_STYLE = Manual;
				COPY_PHASE_STRIP = NO;
				DEBUG_INFORMATION_FORMAT = dwarf;
				ENABLE_STRICT_OBJC_MSGSEND = YES;
				ENABLE_TESTABILITY = YES;
				GCC_C_LANGUAGE_STANDARD = gnu11;
				GCC_DYNAMIC_NO_PIC = NO;
				GCC_NO_COMMON_BLOCKS = YES;
				GCC_OPTIMIZATION_LEVEL = 0;
				GCC_PREPROCESSOR_DEFINITIONS = (
					"$(inherited)",
					"DEBUG=1",
				);
				GCC_WARN_64_TO_32_BIT_CONVERSION = YES;
				GCC_WARN_ABOUT_RETURN_TYPE = YES_ERROR;
				GCC_WARN_UNDECLARED_SELECTOR = YES;
				GCC_WARN_UNINITIALIZED_AUTOS = YES_AGGRESSIVE;
				GCC_WARN_UNUSED_FUNCTION = YES;
				GCC_WARN_UNUSED_VARIABLE = YES;
				MACOSX_DEPLOYMENT_TARGET = 14.0;
				MTL_ENABLE_DEBUG_INFO = INCLUDE_SOURCE;
				MTL_FAST_MATH = YES;
				ONLY_ACTIVE_ARCH = YES;
				PRODUCT_NAME = "$(TARGET_NAME)";
				SDKROOT = macosx;
				SWIFT_ACTIVE_COMPILATION_CONDITIONS = DEBUG;
				SWIFT_OPTIMIZATION_LEVEL = "-Onone";
				SWIFT_VERSION = 6.0;
			};
			name = Debug;
		};
		FE2EB884ACE107B3432920B4 /* Release */ = {
			isa = XCBuildConfiguration;
			buildSettings = {
				ASSETCATALOG_COMPILER_APPICON_NAME = AppIcon;
				CODE_SIGN_ENTITLEMENTS = FileConverter/Entitlements.plist;
				COMBINE_HIDPI_IMAGES = YES;
				DEFINES_MODULE = YES;
				INFOPLIST_FILE = FileConverter/Info.plist;
				LD_RUNPATH_SEARCH_PATHS = "$(inherited) @executable_path/../Frameworks";
				PRODUCT_BUNDLE_IDENTIFIER = com.convertfile43.app;
				PRODUCT_MODULE_NAME = convertfile43;
				SDKROOT = macosx;
				SWIFT_ACTIVE_COMPILATION_CONDITIONS = "$(inherited) DEBUG";
			};
			name = Release;
		};
/* End XCBuildConfiguration section */

/* Begin XCConfigurationList section */
		7F4AE9771B919BDBC521C1AF /* Build configuration list for PBXNativeTarget "FileConverterTests" */ = {
			isa = XCConfigurationList;
			buildConfigurations = (
				5387C142A096ADB3CE52DAC3 /* Debug */,
				A814176D2DCFA0D6198BB25A /* Release */,
			);
			defaultConfigurationIsVisible = 0;
			defaultConfigurationName = Debug;
		};
		A80EADC082EB81BF6E4A508E /* Build configuration list for PBXProject "convertfile43" */ = {
			isa = XCConfigurationList;
			buildConfigurations = (
				CEB56E537789BBC51E6A9FF1 /* Debug */,
				C438B72AA7ABDF4D37985989 /* Release */,
			);
			defaultConfigurationIsVisible = 0;
			defaultConfigurationName = Debug;
		};
		ECDB5567392EE3ECF5AD5B94 /* Build configuration list for PBXNativeTarget "convertfile43" */ = {
			isa = XCConfigurationList;
			buildConfigurations = (
				2B865191CEC196E8BB88E2BD /* Debug */,
				FE2EB884ACE107B3432920B4 /* Release */,
			);
			defaultConfigurationIsVisible = 0;
			defaultConfigurationName = Debug;
		};
/* End XCConfigurationList section */
	};
	rootObject = BD2D8385B3904AC35D718A9F /* Project object */;
}
